
Microsoft Visual Studio Solution File, Format Version 12.00
# Visual Studio Version 16
VisualStudioVersion = 16.0.30104.148
MinimumVisualStudioVersion = 10.0.40219.1
Project("{FAE04EC0-301F-11D3-BF4B-00C04F79EFBC}") = "PersonalApp.Domains", "PersonalApp.Domains\PersonalApp.Domains.csproj", "{87447824-5D55-4F3E-BF7B-B12E07754E1F}"
EndProject
Project("{FAE04EC0-301F-11D3-BF4B-00C04F79EFBC}") = "PersonalApp.DAL", "PersonalApp.DAL\PersonalApp.DAL.csproj", "{211A0603-F81F-42C4-B30D-5E3E9961AE56}"
EndProject
Project("{FAE04EC0-301F-11D3-BF4B-00C04F79EFBC}") = "PersonalApp.Console.UI", "PersonalApp.Console.UI\PersonalApp.Console.UI.csproj", "{7FF69647-B8ED-48BD-9FF4-8485E83EB3FD}"
EndProject
Global
	GlobalSection(SolutionConfigurationPlatforms) = preSolution
		Debug|Any CPU = Debug|Any CPU
		Release|Any CPU = Release|Any CPU
	EndGlobalSection
	GlobalSection(ProjectConfigurationPlatforms) = postSolution
		{87447824-5D55-4F3E-BF7B-B12E07754E1F}.Debug|Any CPU.ActiveCfg = Debug|Any CPU
		{87447824-5D55-4F3E-BF7B-B12E07754E1F}.Debug|Any CPU.Build.0 = Debug|Any CPU
		{87447824-5D55-4F3E-BF7B-B12E07754E1F}.Release|Any CPU.ActiveCfg = Release|Any CPU
		{87447824-5D55-4F3E-BF7B-B12E07754E1F}.Release|Any CPU.Build.0 = Release|Any CPU
		{211A0603-F81F-42C4-B30D-5E3E9961AE56}.Debug|Any CPU.ActiveCfg = Debug|Any CPU
		{211A0603-F81F-42C4-B30D-5E3E9961AE56}.Debug|Any CPU.Build.0 = Debug|Any CPU
		{211A0603-F81F-42C4-B30D-5E3E9961AE56}.Release|Any CPU.ActiveCfg = Release|Any CPU
		{211A0603-F81F-42C4-B30D-5E3E9961AE56}.Release|Any CPU.Build.0 = Release|Any CPU
		{7FF69647-B8ED-48BD-9FF4-8485E83EB3FD}.Debug|Any CPU.ActiveCfg = Debug|Any CPU
		{7FF69647-B8ED-48BD-9FF4-8485E83EB3FD}.Debug|Any CPU.Build.0 = Debug|Any CPU
		{7FF69647-B8ED-48BD-9FF4-8485E83EB3FD}.Release|Any CPU.ActiveCfg = Release|Any CPU
		{7FF69647-B8ED-48BD-9FF4-8485E83EB3FD}.Release|Any CPU.Build.0 = Release|Any CPU
	EndGlobalSection
	GlobalSection(SolutionProperties) = preSolution
		HideSolutionNode = FALSE
	EndGlobalSection
	GlobalSection(ExtensibilityGlobals) = postSolution
		SolutionGuid = {4C9462F5-E216-40CA-B37D-6122E4A90968}
	EndGlobalSection
EndGlobal
